
Microsoft Visual Studio Solution File, Format Version 12.00
# Visual Studio Version 17
VisualStudioVersion = 17.2.32630.192
MinimumVisualStudioVersion = 10.0.40219.1
Project("{FAE04EC0-301F-11D3-BF4B-00C04F79EFBC}") = "VeterinariaShopAPI", "VeterinariaShopAPI\VeterinariaShopAPI.csproj", "{005D72B5-FE0E-4482-B405-589F7C7A521B}"
EndProject
Global
	GlobalSection(SolutionConfigurationPlatforms) = preSolution
		Debug|Any CPU = Debug|Any CPU
		Release|Any CPU = Release|Any CPU
	EndGlobalSection
	GlobalSection(ProjectConfigurationPlatforms) = postSolution
		{005D72B5-FE0E-4482-B405-589F7C7A521B}.Debug|Any CPU.ActiveCfg = Debug|Any CPU
		{005D72B5-FE0E-4482-B405-589F7C7A521B}.Debug|Any CPU.Build.0 = Debug|Any CPU
		{005D72B5-FE0E-4482-B405-589F7C7A521B}.Release|Any CPU.ActiveCfg = Release|Any CPU
		{005D72B5-FE0E-4482-B405-589F7C7A521B}.Release|Any CPU.Build.0 = Release|Any CPU
	EndGlobalSection
	GlobalSection(SolutionProperties) = preSolution
		HideSolutionNode = FALSE
	EndGlobalSection
	GlobalSection(ExtensibilityGlobals) = postSolution
		SolutionGuid = {3C54AF4D-30F0-48F3-A4E7-A7B2BC84F12C}
	EndGlobalSection
EndGlobal
